
Microsoft Visual Studio Solution File, Format Version 12.00
# Visual Studio Version 16
VisualStudioVersion = 16.0.31019.35
MinimumVisualStudioVersion = 10.0.40219.1
Project("{2150E333-8FDC-42A3-9474-1A3956D46DE8}") = "src", "src", "{03F1A339-6ACF-47C1-AD2E-0A63717EAA8E}"
EndProject
Project("{2150E333-8FDC-42A3-9474-1A3956D46DE8}") = "test", "test", "{CE0ECAE0-E640-4DB1-A551-7A90CEA89D57}"
EndProject
Project("{FAE04EC0-301F-11D3-BF4B-00C04F79EFBC}") = "Dominio", "Dominio\Dominio.csproj", "{A299BD87-2998-4AA0-8ADC-192B97A4643D}"
EndProject
Project("{FAE04EC0-301F-11D3-BF4B-00C04F79EFBC}") = "AccesoADatos", "AccesoADatos\AccesoADatos.csproj", "{0FE7715F-65D4-4561-AE1E-965563B25265}"
EndProject
Project("{FAE04EC0-301F-11D3-BF4B-00C04F79EFBC}") = "Presentacion", "Presentacion\Presentacion.csproj", "{86074C3F-B472-4537-B456-131517DA9665}"
EndProject
Global
	GlobalSection(SolutionConfigurationPlatforms) = preSolution
		Debug|Any CPU = Debug|Any CPU
		Release|Any CPU = Release|Any CPU
	EndGlobalSection
	GlobalSection(ProjectConfigurationPlatforms) = postSolution
		{A299BD87-2998-4AA0-8ADC-192B97A4643D}.Debug|Any CPU.ActiveCfg = Debug|Any CPU
		{A299BD87-2998-4AA0-8ADC-192B97A4643D}.Debug|Any CPU.Build.0 = Debug|Any CPU
		{A299BD87-2998-4AA0-8ADC-192B97A4643D}.Release|Any CPU.ActiveCfg = Release|Any CPU
		{A299BD87-2998-4AA0-8ADC-192B97A4643D}.Release|Any CPU.Build.0 = Release|Any CPU
		{0FE7715F-65D4-4561-AE1E-965563B25265}.Debug|Any CPU.ActiveCfg = Debug|Any CPU
		{0FE7715F-65D4-4561-AE1E-965563B25265}.Debug|Any CPU.Build.0 = Debug|Any CPU
		{0FE7715F-65D4-4561-AE1E-965563B25265}.Release|Any CPU.ActiveCfg = Release|Any CPU
		{0FE7715F-65D4-4561-AE1E-965563B25265}.Release|Any CPU.Build.0 = Release|Any CPU
		{86074C3F-B472-4537-B456-131517DA9665}.Debug|Any CPU.ActiveCfg = Debug|Any CPU
		{86074C3F-B472-4537-B456-131517DA9665}.Debug|Any CPU.Build.0 = Debug|Any CPU
		{86074C3F-B472-4537-B456-131517DA9665}.Release|Any CPU.ActiveCfg = Release|Any CPU
		{86074C3F-B472-4537-B456-131517DA9665}.Release|Any CPU.Build.0 = Release|Any CPU
	EndGlobalSection
	GlobalSection(SolutionProperties) = preSolution
		HideSolutionNode = FALSE
	EndGlobalSection
	GlobalSection(NestedProjects) = preSolution
		{A299BD87-2998-4AA0-8ADC-192B97A4643D} = {03F1A339-6ACF-47C1-AD2E-0A63717EAA8E}
		{0FE7715F-65D4-4561-AE1E-965563B25265} = {03F1A339-6ACF-47C1-AD2E-0A63717EAA8E}
		{86074C3F-B472-4537-B456-131517DA9665} = {03F1A339-6ACF-47C1-AD2E-0A63717EAA8E}
	EndGlobalSection
	GlobalSection(ExtensibilityGlobals) = postSolution
		SolutionGuid = {1FFC01BE-0E3C-4823-B1EA-71270FB7A011}
	EndGlobalSection
EndGlobal
